PODS:
  - FacebookCore (0.7.0):
    - FBSDKCoreKit (~> 5.0)
  - FacebookLogin (0.7.0):
    - FacebookCore (~> 0.7)
    - FBSDKCoreKit (~> 5.0)
    - FBSDKLoginKit (~> 5.0)
  - FBSDKCoreKit (5.2.0):
    - FBSDKCoreKit/Basics (= 5.2.0)
    - FBSDKCoreKit/Core (= 5.2.0)
  - FBSDKCoreKit/Basics (5.2.0)
  - FBSDKCoreKit/Core (5.2.0):
    - FBSDKCoreKit/Basics
  - FBSDKLoginKit (5.2.0):
    - FBSDKCoreKit (~> 5.0)

DEPENDENCIES:
  - FacebookCore
  - FacebookLogin

SPEC REPOS:
  https://github.com/cocoapods/specs.git:
    - FacebookCore
    - FacebookLogin
    - FBSDKCoreKit
    - FBSDKLoginKit

SPEC CHECKSUMS:
  FacebookCore: 4eee98476cb37a485af5d337eb21f8cd5b3c7e6c
  FacebookLogin: 94cdad6850e86a2b04704dedfe7674a7af8148eb
  FBSDKCoreKit: fd37d65447ef93255191dd5ded4f63955d23f8aa
  FBSDKLoginKit: b814ebf853e7b28592eab4d24b458a89b3f8d69e

PODFILE CHECKSUM: 5e287606eee55d076c398dab6b5aa9854af41414

COCOAPODS: 1.7.2
